
Microsoft Visual Studio Solution File, Format Version 12.00
# Visual Studio 15
VisualStudioVersion = 15.0.26124.0
MinimumVisualStudioVersion = 15.0.26124.0
Project("{2150E333-8FDC-42A3-9474-1A3956D46DE8}") = "apps", "apps", "{7498CB1F-5CC7-43AC-83C9-55B66E27E6BF}"
EndProject
Project("{FAE04EC0-301F-11D3-BF4B-00C04F79EFBC}") = "api", "apps\api\api.csproj", "{96E691B7-641D-4107-BC3A-A19DD765D02D}"
EndProject
Project("{FAE04EC0-301F-11D3-BF4B-00C04F79EFBC}") = "tests", "apps\tests\tests.csproj", "{8D1F5149-7A33-49AF-9F84-0B4D7085F2F5}"
EndProject
Global
	GlobalSection(SolutionConfigurationPlatforms) = preSolution
		Debug|Any CPU = Debug|Any CPU
		Debug|x64 = Debug|x64
		Debug|x86 = Debug|x86
		Release|Any CPU = Release|Any CPU
		Release|x64 = Release|x64
		Release|x86 = Release|x86
	EndGlobalSection
	GlobalSection(SolutionProperties) = preSolution
		HideSolutionNode = FALSE
	EndGlobalSection
	GlobalSection(ProjectConfigurationPlatforms) = postSolution
		{96E691B7-641D-4107-BC3A-A19DD765D02D}.Debug|Any CPU.ActiveCfg = Debug|Any CPU
		{96E691B7-641D-4107-BC3A-A19DD765D02D}.Debug|Any CPU.Build.0 = Debug|Any CPU
		{96E691B7-641D-4107-BC3A-A19DD765D02D}.Debug|x64.ActiveCfg = Debug|Any CPU
		{96E691B7-641D-4107-BC3A-A19DD765D02D}.Debug|x64.Build.0 = Debug|Any CPU
		{96E691B7-641D-4107-BC3A-A19DD765D02D}.Debug|x86.ActiveCfg = Debug|Any CPU
		{96E691B7-641D-4107-BC3A-A19DD765D02D}.Debug|x86.Build.0 = Debug|Any CPU
		{96E691B7-641D-4107-BC3A-A19DD765D02D}.Release|Any CPU.ActiveCfg = Release|Any CPU
		{96E691B7-641D-4107-BC3A-A19DD765D02D}.Release|Any CPU.Build.0 = Release|Any CPU
		{96E691B7-641D-4107-BC3A-A19DD765D02D}.Release|x64.ActiveCfg = Release|Any CPU
		{96E691B7-641D-4107-BC3A-A19DD765D02D}.Release|x64.Build.0 = Release|Any CPU
		{96E691B7-641D-4107-BC3A-A19DD765D02D}.Release|x86.ActiveCfg = Release|Any CPU
		{96E691B7-641D-4107-BC3A-A19DD765D02D}.Release|x86.Build.0 = Release|Any CPU
		{8D1F5149-7A33-49AF-9F84-0B4D7085F2F5}.Debug|Any CPU.ActiveCfg = Debug|Any CPU
		{8D1F5149-7A33-49AF-9F84-0B4D7085F2F5}.Debug|Any CPU.Build.0 = Debug|Any CPU
		{8D1F5149-7A33-49AF-9F84-0B4D7085F2F5}.Debug|x64.ActiveCfg = Debug|Any CPU
		{8D1F5149-7A33-49AF-9F84-0B4D7085F2F5}.Debug|x64.Build.0 = Debug|Any CPU
		{8D1F5149-7A33-49AF-9F84-0B4D7085F2F5}.Debug|x86.ActiveCfg = Debug|Any CPU
		{8D1F5149-7A33-49AF-9F84-0B4D7085F2F5}.Debug|x86.Build.0 = Debug|Any CPU
		{8D1F5149-7A33-49AF-9F84-0B4D7085F2F5}.Release|Any CPU.ActiveCfg = Release|Any CPU
		{8D1F5149-7A33-49AF-9F84-0B4D7085F2F5}.Release|Any CPU.Build.0 = Release|Any CPU
		{8D1F5149-7A33-49AF-9F84-0B4D7085F2F5}.Release|x64.ActiveCfg = Release|Any CPU
		{8D1F5149-7A33-49AF-9F84-0B4D7085F2F5}.Release|x64.Build.0 = Release|Any CPU
		{8D1F5149-7A33-49AF-9F84-0B4D7085F2F5}.Release|x86.ActiveCfg = Release|Any CPU
		{8D1F5149-7A33-49AF-9F84-0B4D7085F2F5}.Release|x86.Build.0 = Release|Any CPU
	EndGlobalSection
	GlobalSection(NestedProjects) = preSolution
		{96E691B7-641D-4107-BC3A-A19DD765D02D} = {7498CB1F-5CC7-43AC-83C9-55B66E27E6BF}
		{8D1F5149-7A33-49AF-9F84-0B4D7085F2F5} = {7498CB1F-5CC7-43AC-83C9-55B66E27E6BF}
	EndGlobalSection
EndGlobal
